
Microsoft Visual Studio Solution File, Format Version 12.00
# Visual Studio 15
VisualStudioVersion = 15.0.28307.421
MinimumVisualStudioVersion = 10.0.40219.1
Project("{FAE04EC0-301F-11D3-BF4B-00C04F79EFBC}") = "STUFF", "STUFF\STUFF.csproj", "{0FDB3A32-3D20-49DA-A2E3-D8378CBC3DA1}"
EndProject
Project("{FAE04EC0-301F-11D3-BF4B-00C04F79EFBC}") = "Logging", "Logging\Logging.csproj", "{AB3BC88D-8811-48E2-9D39-1D6C66C6D6F4}"
EndProject
Project("{FAE04EC0-301F-11D3-BF4B-00C04F79EFBC}") = "ExtendedClipboard", "ExtendedClipboard\ExtendedClipboard.csproj", "{B4894DAD-840A-4FEE-A514-9B81C2A9305A}"
EndProject
Project("{FAE04EC0-301F-11D3-BF4B-00C04F79EFBC}") = "ExtendedClipboard.Test", "ExtendedClipboard.Test\ExtendedClipboard.Test.csproj", "{5BD61A62-D34B-464F-BC7A-63E6AB51D87F}"
EndProject
Global
	GlobalSection(SolutionConfigurationPlatforms) = preSolution
		Debug|Any CPU = Debug|Any CPU
		Release|Any CPU = Release|Any CPU
	EndGlobalSection
	GlobalSection(ProjectConfigurationPlatforms) = postSolution
		{0FDB3A32-3D20-49DA-A2E3-D8378CBC3DA1}.Debug|Any CPU.ActiveCfg = Debug|Any CPU
		{0FDB3A32-3D20-49DA-A2E3-D8378CBC3DA1}.Debug|Any CPU.Build.0 = Debug|Any CPU
		{0FDB3A32-3D20-49DA-A2E3-D8378CBC3DA1}.Release|Any CPU.ActiveCfg = Release|Any CPU
		{0FDB3A32-3D20-49DA-A2E3-D8378CBC3DA1}.Release|Any CPU.Build.0 = Release|Any CPU
		{AB3BC88D-8811-48E2-9D39-1D6C66C6D6F4}.Debug|Any CPU.ActiveCfg = Debug|Any CPU
		{AB3BC88D-8811-48E2-9D39-1D6C66C6D6F4}.Debug|Any CPU.Build.0 = Debug|Any CPU
		{AB3BC88D-8811-48E2-9D39-1D6C66C6D6F4}.Release|Any CPU.ActiveCfg = Release|Any CPU
		{AB3BC88D-8811-48E2-9D39-1D6C66C6D6F4}.Release|Any CPU.Build.0 = Release|Any CPU
		{B4894DAD-840A-4FEE-A514-9B81C2A9305A}.Debug|Any CPU.ActiveCfg = Debug|Any CPU
		{B4894DAD-840A-4FEE-A514-9B81C2A9305A}.Debug|Any CPU.Build.0 = Debug|Any CPU
		{B4894DAD-840A-4FEE-A514-9B81C2A9305A}.Release|Any CPU.ActiveCfg = Release|Any CPU
		{B4894DAD-840A-4FEE-A514-9B81C2A9305A}.Release|Any CPU.Build.0 = Release|Any CPU
		{5BD61A62-D34B-464F-BC7A-63E6AB51D87F}.Debug|Any CPU.ActiveCfg = Debug|Any CPU
		{5BD61A62-D34B-464F-BC7A-63E6AB51D87F}.Debug|Any CPU.Build.0 = Debug|Any CPU
		{5BD61A62-D34B-464F-BC7A-63E6AB51D87F}.Release|Any CPU.ActiveCfg = Release|Any CPU
		{5BD61A62-D34B-464F-BC7A-63E6AB51D87F}.Release|Any CPU.Build.0 = Release|Any CPU
	EndGlobalSection
	GlobalSection(SolutionProperties) = preSolution
		HideSolutionNode = FALSE
	EndGlobalSection
	GlobalSection(ExtensibilityGlobals) = postSolution
		SolutionGuid = {36365823-3C2D-4DA9-95FF-B1A0B4285899}
	EndGlobalSection
EndGlobal
